
Microsoft Visual Studio Solution File, Format Version 12.00
Project("{FAE04EC0-301F-11D3-BF4B-00C04F79EFBC}") = "SearchApp", "SearchApp\SearchApp.csproj", "{72372C18-F123-4607-99B2-462A0E7F8E66}"
EndProject
Global
	GlobalSection(SolutionConfigurationPlatforms) = preSolution
		Debug|Any CPU = Debug|Any CPU
		Release|Any CPU = Release|Any CPU
	EndGlobalSection
	GlobalSection(ProjectConfigurationPlatforms) = postSolution
		{72372C18-F123-4607-99B2-462A0E7F8E66}.Debug|Any CPU.ActiveCfg = Debug|Any CPU
		{72372C18-F123-4607-99B2-462A0E7F8E66}.Debug|Any CPU.Build.0 = Debug|Any CPU
		{72372C18-F123-4607-99B2-462A0E7F8E66}.Release|Any CPU.ActiveCfg = Release|Any CPU
		{72372C18-F123-4607-99B2-462A0E7F8E66}.Release|Any CPU.Build.0 = Release|Any CPU
	EndGlobalSection
EndGlobal
